{
  "name": "wheel_of_balance",
  "version": "1.0.0",
  "lockfileVersion": 3,
  "requires": true,
  "packages": {
    "": {
      "name": "wheel_of_balance",
      "version": "1.0.0",
      "license": "ISC",
      "dependencies": {
        "chroma-js": "^3.1.2",
        "wheel-of-balance": "^0.9.1"
      }
    },
    "node_modules/blueimp-canvas-to-blob": {
      "version": "3.29.0",
      "resolved": "https://registry.npmjs.org/blueimp-canvas-to-blob/-/blueimp-canvas-to-blob-3.29.0.tgz",
      "integrity": "sha512-0pcSSGxC0QxT+yVkivxIqW0Y4VlO2XSDPofBAqoJ1qJxgH9eiUDLv50Rixij2cDuEfx4M6DpD9UGZpRhT5Q8qg==",
      "license": "MIT"
    },
    "node_modules/chroma-js": {
      "version": "3.1.2",
      "resolved": "https://registry.npmjs.org/chroma-js/-/chroma-js-3.1.2.tgz",
      "integrity": "sha512-IJnETTalXbsLx1eKEgx19d5L6SRM7cH4vINw/99p/M11HCuXGRWL+6YmCm7FWFGIo6dtWuQoQi1dc5yQ7ESIHg==",
      "license": "(BSD-3-Clause AND Apache-2.0)"
    },
    "node_modules/file-saver": {
      "version": "2.0.5",
      "resolved": "https://registry.npmjs.org/file-saver/-/file-saver-2.0.5.tgz",
      "integrity": "sha512-P9bmyZ3h/PRG+Nzga+rbdI4OEpNDzAVyy74uVO9ATgzLK6VtAsYybF/+TOCvrc0MO793d6+42lLyZTw7/ArVzA==",
      "license": "MIT"
    },
    "node_modules/wheel-of-balance": {
      "version": "0.9.1",
      "resolved": "https://registry.npmjs.org/wheel-of-balance/-/wheel-of-balance-0.9.1.tgz",
      "integrity": "sha512-LEDy1OoDvfjsKsKsgz3g1z/jvKGWzAtk/KJRoKTJZpseDFI8cyETH8E5Ba708I3HSXS5wc3ih7BFHcZ5IWB5AA==",
      "license": "MIT",
      "dependencies": {
        "blueimp-canvas-to-blob": "^3.28.0",
        "file-saver": "^2.0.5"
      }
    }
  }
}
